
Microsoft Visual Studio Solution File, Format Version 12.00
# Visual Studio Version 16
VisualStudioVersion = 16.0.29905.134
MinimumVisualStudioVersion = 10.0.40219.1
Project("{9A19103F-16F7-4668-BE54-9A1E7A4F7556}") = "QuestionOne", "QuestionOne\QuestionOne.csproj", "{428A1035-A5D3-4AC5-B5D9-7F3E27CB853A}"
EndProject
Project("{9A19103F-16F7-4668-BE54-9A1E7A4F7556}") = "QuestionOneTest", "QuestionOneTest\QuestionOneTest.csproj", "{F95E30D9-7A58-4F57-9BBB-AAC229491D86}"
EndProject
Project("{9A19103F-16F7-4668-BE54-9A1E7A4F7556}") = "QuestionTwo", "QuestionTwo\QuestionTwo.csproj", "{310F5A7B-DAAB-42D2-B1E5-AA5C32981BA1}"
EndProject
Project("{9A19103F-16F7-4668-BE54-9A1E7A4F7556}") = "QuestionThree", "QuestionThree\QuestionThree.csproj", "{6FA95801-FB1B-438A-B3ED-3865002E6340}"
EndProject
Project("{9A19103F-16F7-4668-BE54-9A1E7A4F7556}") = "QuestionFour", "QuestionFour\QuestionFour.csproj", "{B340BF92-C3D9-4238-A58D-BE594EAF040B}"
EndProject
Project("{9A19103F-16F7-4668-BE54-9A1E7A4F7556}") = "QuestionFive", "QuestionFive\QuestionFive.csproj", "{6045898D-C838-499F-AA15-A52D99F9769D}"
EndProject
Project("{9A19103F-16F7-4668-BE54-9A1E7A4F7556}") = "QuestionSix", "QuestionSix\QuestionSix.csproj", "{D60ED6BC-37B7-4C37-A0A4-62E6941AA727}"
EndProject
Project("{9A19103F-16F7-4668-BE54-9A1E7A4F7556}") = "QuestionSeven", "QuestionSeven\QuestionSeven.csproj", "{E1C5F73F-A2A3-4CEB-B1CC-D08E485BB5F6}"
EndProject
Project("{9A19103F-16F7-4668-BE54-9A1E7A4F7556}") = "QuestionEight", "QuestionEight\QuestionEight.csproj", "{10FC9A01-8BC7-4865-9DCA-218833D0968C}"
EndProject
Project("{9A19103F-16F7-4668-BE54-9A1E7A4F7556}") = "QuestionNine", "QuestionNine\QuestionNine.csproj", "{DB50A854-2828-4E31-A29B-C3042A71B9DD}"
EndProject
Project("{9A19103F-16F7-4668-BE54-9A1E7A4F7556}") = "QuestionOnePB", "QuestionOnePB\QuestionOnePB.csproj", "{0DC533B6-7D3F-4916-B156-4F8E31A108F0}"
EndProject
Project("{9A19103F-16F7-4668-BE54-9A1E7A4F7556}") = "QuestionOnePB.5", "QuestionFivePB\QuestionOnePB.5.csproj", "{C4DE46F6-BA98-4F9E-958F-2248BDDEE006}"
EndProject
Project("{9A19103F-16F7-4668-BE54-9A1E7A4F7556}") = "QuestionTwoPB", "QuestionTwoPB\QuestionTwoPB.csproj", "{7FE11889-80EB-4CDA-99D6-0C2383221D66}"
EndProject
Project("{9A19103F-16F7-4668-BE54-9A1E7A4F7556}") = "QuestionOnePC", "QuestionOnePC\QuestionOnePC.csproj", "{F5E33667-1CC8-480D-81E8-36B75DA00600}"
EndProject
Project("{9A19103F-16F7-4668-BE54-9A1E7A4F7556}") = "QuestionTwoToEndPC", "QuestionTwoPC\QuestionTwoToEndPC.csproj", "{91FD11CF-E25F-4C63-8BAB-FBDD7A676323}"
EndProject
Global
	GlobalSection(SolutionConfigurationPlatforms) = preSolution
		Debug|Any CPU = Debug|Any CPU
		Release|Any CPU = Release|Any CPU
	EndGlobalSection
	GlobalSection(ProjectConfigurationPlatforms) = postSolution
		{428A1035-A5D3-4AC5-B5D9-7F3E27CB853A}.Debug|Any CPU.ActiveCfg = Debug|Any CPU
		{428A1035-A5D3-4AC5-B5D9-7F3E27CB853A}.Debug|Any CPU.Build.0 = Debug|Any CPU
		{428A1035-A5D3-4AC5-B5D9-7F3E27CB853A}.Release|Any CPU.ActiveCfg = Release|Any CPU
		{428A1035-A5D3-4AC5-B5D9-7F3E27CB853A}.Release|Any CPU.Build.0 = Release|Any CPU
		{F95E30D9-7A58-4F57-9BBB-AAC229491D86}.Debug|Any CPU.ActiveCfg = Debug|Any CPU
		{F95E30D9-7A58-4F57-9BBB-AAC229491D86}.Debug|Any CPU.Build.0 = Debug|Any CPU
		{F95E30D9-7A58-4F57-9BBB-AAC229491D86}.Release|Any CPU.ActiveCfg = Release|Any CPU
		{F95E30D9-7A58-4F57-9BBB-AAC229491D86}.Release|Any CPU.Build.0 = Release|Any CPU
		{310F5A7B-DAAB-42D2-B1E5-AA5C32981BA1}.Debug|Any CPU.ActiveCfg = Debug|Any CPU
		{310F5A7B-DAAB-42D2-B1E5-AA5C32981BA1}.Debug|Any CPU.Build.0 = Debug|Any CPU
		{310F5A7B-DAAB-42D2-B1E5-AA5C32981BA1}.Release|Any CPU.ActiveCfg = Release|Any CPU
		{310F5A7B-DAAB-42D2-B1E5-AA5C32981BA1}.Release|Any CPU.Build.0 = Release|Any CPU
		{6FA95801-FB1B-438A-B3ED-3865002E6340}.Debug|Any CPU.ActiveCfg = Debug|Any CPU
		{6FA95801-FB1B-438A-B3ED-3865002E6340}.Debug|Any CPU.Build.0 = Debug|Any CPU
		{6FA95801-FB1B-438A-B3ED-3865002E6340}.Release|Any CPU.ActiveCfg = Release|Any CPU
		{6FA95801-FB1B-438A-B3ED-3865002E6340}.Release|Any CPU.Build.0 = Release|Any CPU
		{B340BF92-C3D9-4238-A58D-BE594EAF040B}.Debug|Any CPU.ActiveCfg = Debug|Any CPU
		{B340BF92-C3D9-4238-A58D-BE594EAF040B}.Debug|Any CPU.Build.0 = Debug|Any CPU
		{B340BF92-C3D9-4238-A58D-BE594EAF040B}.Release|Any CPU.ActiveCfg = Release|Any CPU
		{B340BF92-C3D9-4238-A58D-BE594EAF040B}.Release|Any CPU.Build.0 = Release|Any CPU
		{6045898D-C838-499F-AA15-A52D99F9769D}.Debug|Any CPU.ActiveCfg = Debug|Any CPU
		{6045898D-C838-499F-AA15-A52D99F9769D}.Debug|Any CPU.Build.0 = Debug|Any CPU
		{6045898D-C838-499F-AA15-A52D99F9769D}.Release|Any CPU.ActiveCfg = Release|Any CPU
		{6045898D-C838-499F-AA15-A52D99F9769D}.Release|Any CPU.Build.0 = Release|Any CPU
		{D60ED6BC-37B7-4C37-A0A4-62E6941AA727}.Debug|Any CPU.ActiveCfg = Debug|Any CPU
		{D60ED6BC-37B7-4C37-A0A4-62E6941AA727}.Debug|Any CPU.Build.0 = Debug|Any CPU
		{D60ED6BC-37B7-4C37-A0A4-62E6941AA727}.Release|Any CPU.ActiveCfg = Release|Any CPU
		{D60ED6BC-37B7-4C37-A0A4-62E6941AA727}.Release|Any CPU.Build.0 = Release|Any CPU
		{E1C5F73F-A2A3-4CEB-B1CC-D08E485BB5F6}.Debug|Any CPU.ActiveCfg = Debug|Any CPU
		{E1C5F73F-A2A3-4CEB-B1CC-D08E485BB5F6}.Debug|Any CPU.Build.0 = Debug|Any CPU
		{E1C5F73F-A2A3-4CEB-B1CC-D08E485BB5F6}.Release|Any CPU.ActiveCfg = Release|Any CPU
		{E1C5F73F-A2A3-4CEB-B1CC-D08E485BB5F6}.Release|Any CPU.Build.0 = Release|Any CPU
		{10FC9A01-8BC7-4865-9DCA-218833D0968C}.Debug|Any CPU.ActiveCfg = Debug|Any CPU
		{10FC9A01-8BC7-4865-9DCA-218833D0968C}.Debug|Any CPU.Build.0 = Debug|Any CPU
		{10FC9A01-8BC7-4865-9DCA-218833D0968C}.Release|Any CPU.ActiveCfg = Release|Any CPU
		{10FC9A01-8BC7-4865-9DCA-218833D0968C}.Release|Any CPU.Build.0 = Release|Any CPU
		{DB50A854-2828-4E31-A29B-C3042A71B9DD}.Debug|Any CPU.ActiveCfg = Debug|Any CPU
		{DB50A854-2828-4E31-A29B-C3042A71B9DD}.Debug|Any CPU.Build.0 = Debug|Any CPU
		{DB50A854-2828-4E31-A29B-C3042A71B9DD}.Release|Any CPU.ActiveCfg = Release|Any CPU
		{DB50A854-2828-4E31-A29B-C3042A71B9DD}.Release|Any CPU.Build.0 = Release|Any CPU
		{0DC533B6-7D3F-4916-B156-4F8E31A108F0}.Debug|Any CPU.ActiveCfg = Debug|Any CPU
		{0DC533B6-7D3F-4916-B156-4F8E31A108F0}.Debug|Any CPU.Build.0 = Debug|Any CPU
		{0DC533B6-7D3F-4916-B156-4F8E31A108F0}.Release|Any CPU.ActiveCfg = Release|Any CPU
		{0DC533B6-7D3F-4916-B156-4F8E31A108F0}.Release|Any CPU.Build.0 = Release|Any CPU
		{C4DE46F6-BA98-4F9E-958F-2248BDDEE006}.Debug|Any CPU.ActiveCfg = Debug|Any CPU
		{C4DE46F6-BA98-4F9E-958F-2248BDDEE006}.Debug|Any CPU.Build.0 = Debug|Any CPU
		{C4DE46F6-BA98-4F9E-958F-2248BDDEE006}.Release|Any CPU.ActiveCfg = Release|Any CPU
		{C4DE46F6-BA98-4F9E-958F-2248BDDEE006}.Release|Any CPU.Build.0 = Release|Any CPU
		{7FE11889-80EB-4CDA-99D6-0C2383221D66}.Debug|Any CPU.ActiveCfg = Debug|Any CPU
		{7FE11889-80EB-4CDA-99D6-0C2383221D66}.Debug|Any CPU.Build.0 = Debug|Any CPU
		{7FE11889-80EB-4CDA-99D6-0C2383221D66}.Release|Any CPU.ActiveCfg = Release|Any CPU
		{7FE11889-80EB-4CDA-99D6-0C2383221D66}.Release|Any CPU.Build.0 = Release|Any CPU
		{F5E33667-1CC8-480D-81E8-36B75DA00600}.Debug|Any CPU.ActiveCfg = Debug|Any CPU
		{F5E33667-1CC8-480D-81E8-36B75DA00600}.Debug|Any CPU.Build.0 = Debug|Any CPU
		{F5E33667-1CC8-480D-81E8-36B75DA00600}.Release|Any CPU.ActiveCfg = Release|Any CPU
		{F5E33667-1CC8-480D-81E8-36B75DA00600}.Release|Any CPU.Build.0 = Release|Any CPU
		{91FD11CF-E25F-4C63-8BAB-FBDD7A676323}.Debug|Any CPU.ActiveCfg = Debug|Any CPU
		{91FD11CF-E25F-4C63-8BAB-FBDD7A676323}.Debug|Any CPU.Build.0 = Debug|Any CPU
		{91FD11CF-E25F-4C63-8BAB-FBDD7A676323}.Release|Any CPU.ActiveCfg = Release|Any CPU
		{91FD11CF-E25F-4C63-8BAB-FBDD7A676323}.Release|Any CPU.Build.0 = Release|Any CPU
	EndGlobalSection
	GlobalSection(SolutionProperties) = preSolution
		HideSolutionNode = FALSE
	EndGlobalSection
	GlobalSection(ExtensibilityGlobals) = postSolution
		SolutionGuid = {289DF8FB-2989-41C6-8A26-2FF4B0417FE1}
	EndGlobalSection
EndGlobal
